
Microsoft Visual Studio Solution File, Format Version 12.00
# Visual Studio Version 17
VisualStudioVersion = 17.9.34902.65
MinimumVisualStudioVersion = 10.0.40219.1
Project("{FAE04EC0-301F-11D3-BF4B-00C04F79EFBC}") = "VoxelThing.Client", "VoxelThing.Client\VoxelThing.Client.csproj", "{62049529-442B-4732-85ED-F737DCEC9816}"
EndProject
Project("{FAE04EC0-301F-11D3-BF4B-00C04F79EFBC}") = "VoxelThing.Game", "VoxelThing.Game\VoxelThing.Game.csproj", "{A0C478C6-91D9-4C0A-8633-BCD47D037B91}"
EndProject
Project("{FAE04EC0-301F-11D3-BF4B-00C04F79EFBC}") = "PDS", "PDS\PDS.csproj", "{2E1A7600-03EF-438E-BD48-F40777934F7B}"
EndProject
Global
	GlobalSection(SolutionConfigurationPlatforms) = preSolution
		Debug|Any CPU = Debug|Any CPU
		Release|Any CPU = Release|Any CPU
	EndGlobalSection
	GlobalSection(ProjectConfigurationPlatforms) = postSolution
		{62049529-442B-4732-85ED-F737DCEC9816}.Debug|Any CPU.ActiveCfg = Debug|Any CPU
		{62049529-442B-4732-85ED-F737DCEC9816}.Debug|Any CPU.Build.0 = Debug|Any CPU
		{62049529-442B-4732-85ED-F737DCEC9816}.Release|Any CPU.ActiveCfg = Release|Any CPU
		{62049529-442B-4732-85ED-F737DCEC9816}.Release|Any CPU.Build.0 = Release|Any CPU
		{A0C478C6-91D9-4C0A-8633-BCD47D037B91}.Debug|Any CPU.ActiveCfg = Debug|Any CPU
		{A0C478C6-91D9-4C0A-8633-BCD47D037B91}.Debug|Any CPU.Build.0 = Debug|Any CPU
		{A0C478C6-91D9-4C0A-8633-BCD47D037B91}.Release|Any CPU.ActiveCfg = Release|Any CPU
		{A0C478C6-91D9-4C0A-8633-BCD47D037B91}.Release|Any CPU.Build.0 = Release|Any CPU
		{2E1A7600-03EF-438E-BD48-F40777934F7B}.Debug|Any CPU.ActiveCfg = Debug|Any CPU
		{2E1A7600-03EF-438E-BD48-F40777934F7B}.Debug|Any CPU.Build.0 = Debug|Any CPU
		{2E1A7600-03EF-438E-BD48-F40777934F7B}.Release|Any CPU.ActiveCfg = Release|Any CPU
		{2E1A7600-03EF-438E-BD48-F40777934F7B}.Release|Any CPU.Build.0 = Release|Any CPU
	EndGlobalSection
	GlobalSection(SolutionProperties) = preSolution
		HideSolutionNode = FALSE
	EndGlobalSection
	GlobalSection(ExtensibilityGlobals) = postSolution
		SolutionGuid = {B5480BB0-BC15-42F9-8C08-98CB7C250176}
	EndGlobalSection
EndGlobal
